
Microsoft Visual Studio Solution File, Format Version 12.00
# Visual Studio Version 16
VisualStudioVersion = 16.0.30225.117
MinimumVisualStudioVersion = 10.0.40219.1
Project("{FAE04EC0-301F-11D3-BF4B-00C04F79EFBC}") = "MEMAnalyzer_Backend", "MEMAnalyzer_Backend.csproj", "{4CB99C1A-2898-4776-B53C-B8E10EBF67DF}"
EndProject
Global
	GlobalSection(SolutionConfigurationPlatforms) = preSolution
		Debug|Any CPU = Debug|Any CPU
		Release|Any CPU = Release|Any CPU
	EndGlobalSection
	GlobalSection(ProjectConfigurationPlatforms) = postSolution
		{4CB99C1A-2898-4776-B53C-B8E10EBF67DF}.Debug|Any CPU.ActiveCfg = Debug|Any CPU
		{4CB99C1A-2898-4776-B53C-B8E10EBF67DF}.Debug|Any CPU.Build.0 = Debug|Any CPU
		{4CB99C1A-2898-4776-B53C-B8E10EBF67DF}.Release|Any CPU.ActiveCfg = Release|Any CPU
		{4CB99C1A-2898-4776-B53C-B8E10EBF67DF}.Release|Any CPU.Build.0 = Release|Any CPU
	EndGlobalSection
	GlobalSection(SolutionProperties) = preSolution
		HideSolutionNode = FALSE
	EndGlobalSection
	GlobalSection(ExtensibilityGlobals) = postSolution
		SolutionGuid = {BB1BF805-07D9-430F-B4F3-4358B02A2AFA}
	EndGlobalSection
EndGlobal
